
Microsoft Visual Studio Solution File, Format Version 12.00
# Visual Studio Version 16
VisualStudioVersion = 25.0.1704.3
MinimumVisualStudioVersion = 10.0.40219.1
Project("{FAE04EC0-301F-11D3-BF4B-00C04F79EFBC}") = "F1ListGroups", "F1ListGroups\src\F1ListGroups\F1ListGroups.csproj", "{A80A840C-CC01-496A-B51F-09F77BA68838}"
EndProject
Global
	GlobalSection(SolutionConfigurationPlatforms) = preSolution
		Debug|Any CPU = Debug|Any CPU
		Release|Any CPU = Release|Any CPU
	EndGlobalSection
	GlobalSection(ProjectConfigurationPlatforms) = postSolution
		{A80A840C-CC01-496A-B51F-09F77BA68838}.Debug|Any CPU.ActiveCfg = Debug|Any CPU
		{A80A840C-CC01-496A-B51F-09F77BA68838}.Debug|Any CPU.Build.0 = Debug|Any CPU
		{A80A840C-CC01-496A-B51F-09F77BA68838}.Release|Any CPU.ActiveCfg = Release|Any CPU
		{A80A840C-CC01-496A-B51F-09F77BA68838}.Release|Any CPU.Build.0 = Release|Any CPU
	EndGlobalSection
	GlobalSection(SolutionProperties) = preSolution
		HideSolutionNode = FALSE
	EndGlobalSection
	GlobalSection(ExtensibilityGlobals) = postSolution
		SolutionGuid = {FD680DAA-74A7-40C9-97D0-4D6DEA5556A1}
	EndGlobalSection
EndGlobal
